Microsoft Visual Studio Solution File, Format Version 12.00
# Visual Studio Version 17
VisualStudioVersion = 17.5.2.0
MinimumVisualStudioVersion = 10.0.40219.1
Project("{FAE04EC0-301F-11D3-BF4B-00C04F79EFBC}") = "MiProyectoGit_MP", "MiProyectoGit_MP.csproj", "{903D1ED5-91E6-CA17-3441-7390F0D20C6D}"
EndProject
Global
	GlobalSection(SolutionConfigurationPlatforms) = preSolution
		Debug|Any CPU = Debug|Any CPU
		Release|Any CPU = Release|Any CPU
	EndGlobalSection
	GlobalSection(ProjectConfigurationPlatforms) = postSolution
		{903D1ED5-91E6-CA17-3441-7390F0D20C6D}.Debug|Any CPU.ActiveCfg = Debug|Any CPU
		{903D1ED5-91E6-CA17-3441-7390F0D20C6D}.Debug|Any CPU.Build.0 = Debug|Any CPU
		{903D1ED5-91E6-CA17-3441-7390F0D20C6D}.Release|Any CPU.ActiveCfg = Release|Any CPU
		{903D1ED5-91E6-CA17-3441-7390F0D20C6D}.Release|Any CPU.Build.0 = Release|Any CPU
	EndGlobalSection
	GlobalSection(SolutionProperties) = preSolution
		HideSolutionNode = FALSE
	EndGlobalSection
	GlobalSection(ExtensibilityGlobals) = postSolution
		SolutionGuid = {0C60B7F0-83B1-4375-ABFA-35A233263657}
	EndGlobalSection
EndGlobal
